
Microsoft Visual Studio Solution File, Format Version 12.00
# Visual Studio Version 16
VisualStudioVersion = 16.0.32929.386
MinimumVisualStudioVersion = 10.0.40219.1
Project("{8BC9CEB8-8B4A-11D0-8D11-00A0C91BC942}") = "Project", "Project\Project.vcxproj", "{FE1B4B91-F592-40F2-9715-55BCCA0EDE19}"
EndProject
Global
	GlobalSection(SolutionConfigurationPlatforms) = preSolution
		Debug|x64 = Debug|x64
		Debug|x86 = Debug|x86
		Release|x64 = Release|x64
		Release|x86 = Release|x86
	EndGlobalSection
	GlobalSection(ProjectConfigurationPlatforms) = postSolution
		{FE1B4B91-F592-40F2-9715-55BCCA0EDE19}.Debug|x64.ActiveCfg = Debug|x64
		{FE1B4B91-F592-40F2-9715-55BCCA0EDE19}.Debug|x64.Build.0 = Debug|x64
		{FE1B4B91-F592-40F2-9715-55BCCA0EDE19}.Debug|x86.ActiveCfg = Debug|Win32
		{FE1B4B91-F592-40F2-9715-55BCCA0EDE19}.Debug|x86.Build.0 = Debug|Win32
		{FE1B4B91-F592-40F2-9715-55BCCA0EDE19}.Release|x64.ActiveCfg = Release|x64
		{FE1B4B91-F592-40F2-9715-55BCCA0EDE19}.Release|x64.Build.0 = Release|x64
		{FE1B4B91-F592-40F2-9715-55BCCA0EDE19}.Release|x86.ActiveCfg = Release|Win32
		{FE1B4B91-F592-40F2-9715-55BCCA0EDE19}.Release|x86.Build.0 = Release|Win32
	EndGlobalSection
	GlobalSection(SolutionProperties) = preSolution
		HideSolutionNode = FALSE
	EndGlobalSection
	GlobalSection(ExtensibilityGlobals) = postSolution
		SolutionGuid = {420EC6FE-33F1-4075-B7E8-C5EF3B41D766}
	EndGlobalSection
EndGlobal
